
Microsoft Visual Studio Solution File, Format Version 12.00
# Visual Studio Version 18
VisualStudioVersion = 18.0.11222.15
MinimumVisualStudioVersion = 10.0.40219.1
Project("{00D1A9C2-B5F0-4AF3-8072-F6C62B433612}") = "SFA.DAS.RoATPService.Database", "SFA.DAS.RoATPService.Database\SFA.DAS.RoATPService.Database.sqlproj", "{8BC5F439-3B71-47DF-A7DB-F4DDD73592D1}"
EndProject
Project("{9A19103F-16F7-4668-BE54-9A1E7A4F7556}") = "SFA.DAS.RoATPService.Data", "SFA.DAS.RoATPService.Data\SFA.DAS.RoATPService.Data.csproj", "{D0477B70-B9C3-47E3-96D0-433D29E9B08D}"
EndProject
Project("{9A19103F-16F7-4668-BE54-9A1E7A4F7556}") = "SFA.DAS.RoATPService.Domain", "SFA.DAS.RoATPService.Domain\SFA.DAS.RoATPService.Domain.csproj", "{E68804D5-D5BE-40CA-A631-9B0BFD48F50A}"
EndProject
Project("{2150E333-8FDC-42A3-9474-1A3956D46DE8}") = "Tests", "Tests", "{A41E0780-CADF-4AEC-B37C-D37DAB8A79E5}"
EndProject
Project("{9A19103F-16F7-4668-BE54-9A1E7A4F7556}") = "SFA.DAS.RoATPService.Application", "SFA.DAS.RoATPService.Application\SFA.DAS.RoATPService.Application.csproj", "{4ED66CC5-A193-4E61-B70C-4EC8770F4167}"
EndProject
Project("{9A19103F-16F7-4668-BE54-9A1E7A4F7556}") = "SFA.DAS.RoATPService.Application.Api", "SFA.DAS.RoATPService.Application.Api\SFA.DAS.RoATPService.Application.Api.csproj", "{9C639D8E-0200-4CDA-BF22-8DB61559EDF0}"
EndProject
Project("{9A19103F-16F7-4668-BE54-9A1E7A4F7556}") = "SFA.DAS.RoATPService.Application.UnitTests", "SFA.DAS.RoATPService.Application.UnitTests\SFA.DAS.RoATPService.Application.UnitTests.csproj", "{5740747C-1320-4F60-AE06-5C1C251931BD}"
EndProject
Project("{9A19103F-16F7-4668-BE54-9A1E7A4F7556}") = "SFA.DAS.RoATPService.Api.UnitTests", "SFA.DAS.RoATPService.Api.UnitTests\SFA.DAS.RoATPService.Api.UnitTests.csproj", "{08EE85C1-621E-4FE0-AB48-7091C440AAED}"
EndProject
Project("{9A19103F-16F7-4668-BE54-9A1E7A4F7556}") = "SFA.DAS.RoATPService.Api.Client", "SFA.DAS.RoATPService.Api.Client\SFA.DAS.RoATPService.Api.Client.csproj", "{C63E2F50-316A-4DC9-B85C-042B206B90A0}"
EndProject
Project("{9A19103F-16F7-4668-BE54-9A1E7A4F7556}") = "SFA.DAS.RoATPService.Api.Client.IntegrationTests", "SFA.DAS.RoATPService.Api.Client.IntegrationTests\SFA.DAS.RoATPService.Api.Client.IntegrationTests.csproj", "{785E8F0C-5FA5-46C6-9150-0B45F6E83DD7}"
EndProject
Project("{9A19103F-16F7-4668-BE54-9A1E7A4F7556}") = "SFA.DAS.RoATPService.Infrastructure", "SFA.DAS.RoATPService.Infrastructure\SFA.DAS.RoATPService.Infrastructure.csproj", "{1D5A3B4E-9A83-4DF1-A413-20762E38ACBF}"
EndProject
Project("{FAE04EC0-301F-11D3-BF4B-00C04F79EFBC}") = "SFA.DAS.RoATPService.Data.UnitTests", "SFA.DAS.RoATPService.Data.UnitTests\SFA.DAS.RoATPService.Data.UnitTests.csproj", "{78F8F8C4-0D70-401D-BAAD-F833C2F25146}"
EndProject
Global
	GlobalSection(SolutionConfigurationPlatforms) = preSolution
		Debug|Any CPU = Debug|Any CPU
		Release|Any CPU = Release|Any CPU
	EndGlobalSection
	GlobalSection(ProjectConfigurationPlatforms) = postSolution
		{8BC5F439-3B71-47DF-A7DB-F4DDD73592D1}.Debug|Any CPU.ActiveCfg = Debug|Any CPU
		{8BC5F439-3B71-47DF-A7DB-F4DDD73592D1}.Debug|Any CPU.Build.0 = Debug|Any CPU
		{8BC5F439-3B71-47DF-A7DB-F4DDD73592D1}.Debug|Any CPU.Deploy.0 = Debug|Any CPU
		{8BC5F439-3B71-47DF-A7DB-F4DDD73592D1}.Release|Any CPU.ActiveCfg = Release|Any CPU
		{8BC5F439-3B71-47DF-A7DB-F4DDD73592D1}.Release|Any CPU.Build.0 = Release|Any CPU
		{8BC5F439-3B71-47DF-A7DB-F4DDD73592D1}.Release|Any CPU.Deploy.0 = Release|Any CPU
		{D0477B70-B9C3-47E3-96D0-433D29E9B08D}.Debug|Any CPU.ActiveCfg = Debug|Any CPU
		{D0477B70-B9C3-47E3-96D0-433D29E9B08D}.Debug|Any CPU.Build.0 = Debug|Any CPU
		{D0477B70-B9C3-47E3-96D0-433D29E9B08D}.Release|Any CPU.ActiveCfg = Release|Any CPU
		{D0477B70-B9C3-47E3-96D0-433D29E9B08D}.Release|Any CPU.Build.0 = Release|Any CPU
		{E68804D5-D5BE-40CA-A631-9B0BFD48F50A}.Debug|Any CPU.ActiveCfg = Debug|Any CPU
		{E68804D5-D5BE-40CA-A631-9B0BFD48F50A}.Debug|Any CPU.Build.0 = Debug|Any CPU
		{E68804D5-D5BE-40CA-A631-9B0BFD48F50A}.Release|Any CPU.ActiveCfg = Release|Any CPU
		{E68804D5-D5BE-40CA-A631-9B0BFD48F50A}.Release|Any CPU.Build.0 = Release|Any CPU
		{4ED66CC5-A193-4E61-B70C-4EC8770F4167}.Debug|Any CPU.ActiveCfg = Debug|Any CPU
		{4ED66CC5-A193-4E61-B70C-4EC8770F4167}.Debug|Any CPU.Build.0 = Debug|Any CPU
		{4ED66CC5-A193-4E61-B70C-4EC8770F4167}.Release|Any CPU.ActiveCfg = Release|Any CPU
		{4ED66CC5-A193-4E61-B70C-4EC8770F4167}.Release|Any CPU.Build.0 = Release|Any CPU
		{9C639D8E-0200-4CDA-BF22-8DB61559EDF0}.Debug|Any CPU.ActiveCfg = Debug|Any CPU
		{9C639D8E-0200-4CDA-BF22-8DB61559EDF0}.Debug|Any CPU.Build.0 = Debug|Any CPU
		{9C639D8E-0200-4CDA-BF22-8DB61559EDF0}.Release|Any CPU.ActiveCfg = Release|Any CPU
		{9C639D8E-0200-4CDA-BF22-8DB61559EDF0}.Release|Any CPU.Build.0 = Release|Any CPU
		{5740747C-1320-4F60-AE06-5C1C251931BD}.Debug|Any CPU.ActiveCfg = Debug|Any CPU
		{5740747C-1320-4F60-AE06-5C1C251931BD}.Debug|Any CPU.Build.0 = Debug|Any CPU
		{5740747C-1320-4F60-AE06-5C1C251931BD}.Release|Any CPU.ActiveCfg = Release|Any CPU
		{5740747C-1320-4F60-AE06-5C1C251931BD}.Release|Any CPU.Build.0 = Release|Any CPU
		{08EE85C1-621E-4FE0-AB48-7091C440AAED}.Debug|Any CPU.ActiveCfg = Debug|Any CPU
		{08EE85C1-621E-4FE0-AB48-7091C440AAED}.Debug|Any CPU.Build.0 = Debug|Any CPU
		{08EE85C1-621E-4FE0-AB48-7091C440AAED}.Release|Any CPU.ActiveCfg = Release|Any CPU
		{08EE85C1-621E-4FE0-AB48-7091C440AAED}.Release|Any CPU.Build.0 = Release|Any CPU
		{C63E2F50-316A-4DC9-B85C-042B206B90A0}.Debug|Any CPU.ActiveCfg = Debug|Any CPU
		{C63E2F50-316A-4DC9-B85C-042B206B90A0}.Debug|Any CPU.Build.0 = Debug|Any CPU
		{C63E2F50-316A-4DC9-B85C-042B206B90A0}.Release|Any CPU.ActiveCfg = Release|Any CPU
		{C63E2F50-316A-4DC9-B85C-042B206B90A0}.Release|Any CPU.Build.0 = Release|Any CPU
		{785E8F0C-5FA5-46C6-9150-0B45F6E83DD7}.Debug|Any CPU.ActiveCfg = Debug|Any CPU
		{785E8F0C-5FA5-46C6-9150-0B45F6E83DD7}.Debug|Any CPU.Build.0 = Debug|Any CPU
		{785E8F0C-5FA5-46C6-9150-0B45F6E83DD7}.Release|Any CPU.ActiveCfg = Release|Any CPU
		{785E8F0C-5FA5-46C6-9150-0B45F6E83DD7}.Release|Any CPU.Build.0 = Release|Any CPU
		{1D5A3B4E-9A83-4DF1-A413-20762E38ACBF}.Debug|Any CPU.ActiveCfg = Debug|Any CPU
		{1D5A3B4E-9A83-4DF1-A413-20762E38ACBF}.Debug|Any CPU.Build.0 = Debug|Any CPU
		{1D5A3B4E-9A83-4DF1-A413-20762E38ACBF}.Release|Any CPU.ActiveCfg = Release|Any CPU
		{1D5A3B4E-9A83-4DF1-A413-20762E38ACBF}.Release|Any CPU.Build.0 = Release|Any CPU
		{78F8F8C4-0D70-401D-BAAD-F833C2F25146}.Debug|Any CPU.ActiveCfg = Debug|Any CPU
		{78F8F8C4-0D70-401D-BAAD-F833C2F25146}.Debug|Any CPU.Build.0 = Debug|Any CPU
		{78F8F8C4-0D70-401D-BAAD-F833C2F25146}.Release|Any CPU.ActiveCfg = Release|Any CPU
		{78F8F8C4-0D70-401D-BAAD-F833C2F25146}.Release|Any CPU.Build.0 = Release|Any CPU
	EndGlobalSection
	GlobalSection(SolutionProperties) = preSolution
		HideSolutionNode = FALSE
	EndGlobalSection
	GlobalSection(NestedProjects) = preSolution
		{5740747C-1320-4F60-AE06-5C1C251931BD} = {A41E0780-CADF-4AEC-B37C-D37DAB8A79E5}
		{08EE85C1-621E-4FE0-AB48-7091C440AAED} = {A41E0780-CADF-4AEC-B37C-D37DAB8A79E5}
		{785E8F0C-5FA5-46C6-9150-0B45F6E83DD7} = {A41E0780-CADF-4AEC-B37C-D37DAB8A79E5}
		{78F8F8C4-0D70-401D-BAAD-F833C2F25146} = {A41E0780-CADF-4AEC-B37C-D37DAB8A79E5}
	EndGlobalSection
	GlobalSection(ExtensibilityGlobals) = postSolution
		SolutionGuid = {C5B677B2-0D72-4629-A5FD-F94B00EC858B}
	EndGlobalSection
EndGlobal
